
Microsoft Visual Studio Solution File, Format Version 12.00
# Visual Studio Version 17
VisualStudioVersion = 17.5.33424.131
MinimumVisualStudioVersion = 10.0.40219.1
Project("{FAE04EC0-301F-11D3-BF4B-00C04F79EFBC}") = "Manajemen_Kelas_PR", "Manajemen_Kelas_PR.csproj", "{64D24EB0-F122-4BC6-811A-091EAA6F0D6F}"
EndProject
Global
	GlobalSection(SolutionConfigurationPlatforms) = preSolution
		Debug|Any CPU = Debug|Any CPU
		Release|Any CPU = Release|Any CPU
	EndGlobalSection
	GlobalSection(ProjectConfigurationPlatforms) = postSolution
		{64D24EB0-F122-4BC6-811A-091EAA6F0D6F}.Debug|Any CPU.ActiveCfg = Debug|Any CPU
		{64D24EB0-F122-4BC6-811A-091EAA6F0D6F}.Debug|Any CPU.Build.0 = Debug|Any CPU
		{64D24EB0-F122-4BC6-811A-091EAA6F0D6F}.Release|Any CPU.ActiveCfg = Release|Any CPU
		{64D24EB0-F122-4BC6-811A-091EAA6F0D6F}.Release|Any CPU.Build.0 = Release|Any CPU
	EndGlobalSection
	GlobalSection(SolutionProperties) = preSolution
		HideSolutionNode = FALSE
	EndGlobalSection
	GlobalSection(ExtensibilityGlobals) = postSolution
		SolutionGuid = {EF1E25E0-B12C-47BC-9294-3F62150C796D}
	EndGlobalSection
EndGlobal
